
Microsoft Visual Studio Solution File, Format Version 12.00
Project("{FAE04EC0-301F-11D3-BF4B-00C04F79EFBC}") = "PeopleAPI2", "PeopleAPI2\PeopleAPI2.csproj", "{48FED664-7975-4896-B49A-CF2E30D7C53E}"
EndProject
Global
	GlobalSection(SolutionConfigurationPlatforms) = preSolution
		Debug|Any CPU = Debug|Any CPU
		Release|Any CPU = Release|Any CPU
	EndGlobalSection
	GlobalSection(ProjectConfigurationPlatforms) = postSolution
		{48FED664-7975-4896-B49A-CF2E30D7C53E}.Debug|Any CPU.ActiveCfg = Debug|Any CPU
		{48FED664-7975-4896-B49A-CF2E30D7C53E}.Debug|Any CPU.Build.0 = Debug|Any CPU
		{48FED664-7975-4896-B49A-CF2E30D7C53E}.Release|Any CPU.ActiveCfg = Release|Any CPU
		{48FED664-7975-4896-B49A-CF2E30D7C53E}.Release|Any CPU.Build.0 = Release|Any CPU
	EndGlobalSection
EndGlobal
